
Microsoft Visual Studio Solution File, Format Version 12.00
# Visual Studio Version 16
VisualStudioVersion = 16.0.30320.27
MinimumVisualStudioVersion = 10.0.40219.1
Project("{9A19103F-16F7-4668-BE54-9A1E7A4F7556}") = "SitioWebBlazor", "SitioWebBlazor\SitioWebBlazor.csproj", "{3AD4EDFD-DDC6-4E8C-AD33-7DA2EACA9726}"
EndProject
Project("{FAE04EC0-301F-11D3-BF4B-00C04F79EFBC}") = "Business", "Business\Business.csproj", "{581FAEC0-0C0A-41EB-82A0-F94A246B0635}"
EndProject
Global
	GlobalSection(SolutionConfigurationPlatforms) = preSolution
		Debug|Any CPU = Debug|Any CPU
		Release|Any CPU = Release|Any CPU
	EndGlobalSection
	GlobalSection(ProjectConfigurationPlatforms) = postSolution
		{3AD4EDFD-DDC6-4E8C-AD33-7DA2EACA9726}.Debug|Any CPU.ActiveCfg = Debug|Any CPU
		{3AD4EDFD-DDC6-4E8C-AD33-7DA2EACA9726}.Debug|Any CPU.Build.0 = Debug|Any CPU
		{3AD4EDFD-DDC6-4E8C-AD33-7DA2EACA9726}.Release|Any CPU.ActiveCfg = Release|Any CPU
		{3AD4EDFD-DDC6-4E8C-AD33-7DA2EACA9726}.Release|Any CPU.Build.0 = Release|Any CPU
		{581FAEC0-0C0A-41EB-82A0-F94A246B0635}.Debug|Any CPU.ActiveCfg = Debug|Any CPU
		{581FAEC0-0C0A-41EB-82A0-F94A246B0635}.Debug|Any CPU.Build.0 = Debug|Any CPU
		{581FAEC0-0C0A-41EB-82A0-F94A246B0635}.Release|Any CPU.ActiveCfg = Release|Any CPU
		{581FAEC0-0C0A-41EB-82A0-F94A246B0635}.Release|Any CPU.Build.0 = Release|Any CPU
	EndGlobalSection
	GlobalSection(SolutionProperties) = preSolution
		HideSolutionNode = FALSE
	EndGlobalSection
	GlobalSection(ExtensibilityGlobals) = postSolution
		SolutionGuid = {5C8FC231-88F6-463A-9432-45D9C6860032}
	EndGlobalSection
EndGlobal
